<?xml version="1.0" encoding="utf-8"?>
<Project ToolsVersion="4.0" xmlns="http://schemas.microsoft.com/developer/msbuild/2003">
  <ItemGroup>
    <Filter Include="Source Files">
      <UniqueIdentifier>{4FC737F1-C7A5-4376-A066-2A32D752A2FF}</UniqueIdentifier>
      <Extensions>cpp;c;cc;cxx;def;odl;idl;hpj;bat;asm;asmx</Extensions>
    </Filter>
    <Filter Include="Header Files">
      <UniqueIdentifier>{93995380-89BD-4b04-88EB-625FBE52EBFB}</UniqueIdentifier>
      <Extensions>h;hh;hpp;hxx;hm;inl;inc;xsd</Extensions>
    </Filter>
    <Filter Include="Resource Files">
      <UniqueIdentifier>{67DA6AB6-F800-4c08-8B7A-83BB121AAD01}</UniqueIdentifier>
      <Extensions>rc;ico;cur;bmp;dlg;rc2;rct;bin;rgs;gif;jpg;jpeg;jpe;resx;tiff;tif;png;wav;mfcribbon-ms</Extensions>
    </Filter>
  </ItemGroup>
  <ItemGroup>
    <ClCompile Include="..\blowfish.c">
      <Filter>Source Files</Filter>
    </ClCompile>
    <ClCompile Include="..\buffer.c">
      <Filter>Source Files</Filter>
    </ClCompile>
    <ClCompile Include="..\charset.c">
      <Filter>Source Files</Filter>
    </ClCompile>
    <ClCompile Include="..\crypt.c">
      <Filter>Source Files</Filter>
    </ClCompile>
    <ClCompile Include="..\crypt_zip.c">
      <Filter>Source Files</Filter>
    </ClCompile>
    <ClCompile Include="..\diff.c">
      <Filter>Source Files</Filter>
    </ClCompile>
    <ClCompile Include="..\digraph.c">
      <Filter>Source Files</Filter>
    </ClCompile>
    <ClCompile Include="..\edit.c">
      <Filter>Source Files</Filter>
    </ClCompile>
    <ClCompile Include="..\eval.c">
      <Filter>Source Files</Filter>
    </ClCompile>
    <ClCompile Include="..\ex_cmds.c">
      <Filter>Source Files</Filter>
    </ClCompile>
    <ClCompile Include="..\ex_cmds2.c">
      <Filter>Source Files</Filter>
    </ClCompile>
    <ClCompile Include="..\ex_docmd.c">
      <Filter>Source Files</Filter>
    </ClCompile>
    <ClCompile Include="..\ex_eval.c">
      <Filter>Source Files</Filter>
    </ClCompile>
    <ClCompile Include="..\ex_getln.c">
      <Filter>Source Files</Filter>
    </ClCompile>
    <ClCompile Include="..\fileio.c">
      <Filter>Source Files</Filter>
    </ClCompile>
    <ClCompile Include="..\fold.c">
      <Filter>Source Files</Filter>
    </ClCompile>
    <ClCompile Include="..\getchar.c">
      <Filter>Source Files</Filter>
    </ClCompile>
    <ClCompile Include="..\gui.c">
      <Filter>Source Files</Filter>
    </ClCompile>
    <ClCompile Include="..\gui_beval.c">
      <Filter>Source Files</Filter>
    </ClCompile>
    <ClCompile Include="..\gui_w32.c">
      <Filter>Source Files</Filter>
    </ClCompile>
    <ClCompile Include="..\hardcopy.c">
      <Filter>Source Files</Filter>
    </ClCompile>
    <ClCompile Include="..\hashtab.c">
      <Filter>Source Files</Filter>
    </ClCompile>
    <ClCompile Include="..\if_cscope.c">
      <Filter>Source Files</Filter>
    </ClCompile>
    <ClCompile Include="..\main.c">
      <Filter>Source Files</Filter>
    </ClCompile>
    <ClCompile Include="..\mark.c">
      <Filter>Source Files</Filter>
    </ClCompile>
    <ClCompile Include="..\mbyte.c">
      <Filter>Source Files</Filter>
    </ClCompile>
    <ClCompile Include="..\memfile.c">
      <Filter>Source Files</Filter>
    </ClCompile>
    <ClCompile Include="..\memline.c">
      <Filter>Source Files</Filter>
    </ClCompile>
    <ClCompile Include="..\menu.c">
      <Filter>Source Files</Filter>
    </ClCompile>
    <ClCompile Include="..\message.c">
      <Filter>Source Files</Filter>
    </ClCompile>
    <ClCompile Include="..\misc1.c">
      <Filter>Source Files</Filter>
    </ClCompile>
    <ClCompile Include="..\misc2.c">
      <Filter>Source Files</Filter>
    </ClCompile>
    <ClCompile Include="..\move.c">
      <Filter>Source Files</Filter>
    </ClCompile>
    <ClCompile Include="..\netbeans.c">
      <Filter>Source Files</Filter>
    </ClCompile>
    <ClCompile Include="..\normal.c">
      <Filter>Source Files</Filter>
    </ClCompile>
    <ClCompile Include="..\ops.c">
      <Filter>Source Files</Filter>
    </ClCompile>
    <ClCompile Include="..\option.c">
      <Filter>Source Files</Filter>
    </ClCompile>
    <ClCompile Include="..\os_mswin.c">
      <Filter>Source Files</Filter>
    </ClCompile>
    <ClCompile Include="..\os_w32exe.c">
      <Filter>Source Files</Filter>
    </ClCompile>
    <ClCompile Include="..\os_win32.c">
      <Filter>Source Files</Filter>
    </ClCompile>
    <ClCompile Include="..\popupmnu.c">
      <Filter>Source Files</Filter>
    </ClCompile>
    <ClCompile Include="..\quickfix.c">
      <Filter>Source Files</Filter>
    </ClCompile>
    <ClCompile Include="..\regexp.c">
      <Filter>Source Files</Filter>
    </ClCompile>
    <ClCompile Include="..\screen.c">
      <Filter>Source Files</Filter>
    </ClCompile>
    <ClCompile Include="..\search.c">
      <Filter>Source Files</Filter>
    </ClCompile>
    <ClCompile Include="..\sha256.c">
      <Filter>Source Files</Filter>
    </ClCompile>
    <ClCompile Include="..\spell.c">
      <Filter>Source Files</Filter>
    </ClCompile>
    <ClCompile Include="..\syntax.c">
      <Filter>Source Files</Filter>
    </ClCompile>
    <ClCompile Include="..\tag.c">
      <Filter>Source Files</Filter>
    </ClCompile>
    <ClCompile Include="..\term.c">
      <Filter>Source Files</Filter>
    </ClCompile>
    <ClCompile Include="..\ui.c">
      <Filter>Source Files</Filter>
    </ClCompile>
    <ClCompile Include="..\undo.c">
      <Filter>Source Files</Filter>
    </ClCompile>
    <ClCompile Include="..\winclip.c">
      <Filter>Source Files</Filter>
    </ClCompile>
    <ClCompile Include="..\window.c">
      <Filter>Source Files</Filter>
    </ClCompile>
    <ClCompile Include="..\version.c">
      <Filter>Source Files</Filter>
    </ClCompile>
    <ClCompile Include="..\xpm_w32.c">
      <Filter>Source Files</Filter>
    </ClCompile>
    <ClCompile Include="..\ObjCdix86\pathdef.c">
      <Filter>Source Files</Filter>
    </ClCompile>
  </ItemGroup>
  <ItemGroup>
    <ResourceCompile Include="..\vim.rc">
      <Filter>Resource Files</Filter>
    </ResourceCompile>
  </ItemGroup>
</Project>